
Microsoft Visual Studio Solution File, Format Version 12.00
# Visual Studio 2013
VisualStudioVersion = 12.0.21005.1
MinimumVisualStudioVersion = 10.0.40219.1
Project("{8BC9CEB8-8B4A-11D0-8D11-00A0C91BC942}") = "url_uploader", "url_uploader\url_uploader.vcxproj", "{964630DD-8893-4488-8016-8A70691E3E20}"
EndProject
Global
	GlobalSection(SolutionConfigurationPlatforms) = preSolution
		Debug|Win32 = Debug|Win32
		Release|Win32 = Release|Win32
	EndGlobalSection
	GlobalSection(ProjectConfigurationPlatforms) = postSolution
		{964630DD-8893-4488-8016-8A70691E3E20}.Debug|Win32.ActiveCfg = Debug|Win32
		{964630DD-8893-4488-8016-8A70691E3E20}.Debug|Win32.Build.0 = Debug|Win32
		{964630DD-8893-4488-8016-8A70691E3E20}.Release|Win32.ActiveCfg = Release|Win32
		{964630DD-8893-4488-8016-8A70691E3E20}.Release|Win32.Build.0 = Release|Win32
	EndGlobalSection
	GlobalSection(SolutionProperties) = preSolution
		HideSolutionNode = FALSE
	EndGlobalSection
EndGlobal
