<?xml version="1.0" encoding="utf-8"?>
<Project ToolsVersion="4.0" xmlns="http://schemas.microsoft.com/developer/msbuild/2003">
  <ItemGroup>
    <Filter Include="源文件">
      <UniqueIdentifier>{4FC737F1-C7A5-4376-A066-2A32D752A2FF}</UniqueIdentifier>
      <Extensions>cpp;c;cc;cxx;def;odl;idl;hpj;bat;asm;asmx</Extensions>
    </Filter>
    <Filter Include="头文件">
      <UniqueIdentifier>{93995380-89BD-4b04-88EB-625FBE52EBFB}</UniqueIdentifier>
      <Extensions>h;hh;hpp;hxx;hm;inl;inc;xsd</Extensions>
    </Filter>
    <Filter Include="资源文件">
      <UniqueIdentifier>{67DA6AB6-F800-4c08-8B7A-83BB121AAD01}</UniqueIdentifier>
      <Extensions>rc;ico;cur;bmp;dlg;rc2;rct;bin;rgs;gif;jpg;jpeg;jpe;resx;tiff;tif;png;wav;mfcribbon-ms</Extensions>
    </Filter>
  </ItemGroup>
  <ItemGroup>
    <ClCompile Include="..\3rd\src\curl\amigaos.c">
      <Filter>源文件</Filter>
    </ClCompile>
    <ClCompile Include="..\3rd\src\curl\asyn-ares.c">
      <Filter>源文件</Filter>
    </ClCompile>
    <ClCompile Include="..\3rd\src\curl\asyn-thread.c">
      <Filter>源文件</Filter>
    </ClCompile>
    <ClCompile Include="..\3rd\src\curl\base64.c">
      <Filter>源文件</Filter>
    </ClCompile>
    <ClCompile Include="..\3rd\src\curl\conncache.c">
      <Filter>源文件</Filter>
    </ClCompile>
    <ClCompile Include="..\3rd\src\curl\connect.c">
      <Filter>源文件</Filter>
    </ClCompile>
    <ClCompile Include="..\3rd\src\curl\content_encoding.c">
      <Filter>源文件</Filter>
    </ClCompile>
    <ClCompile Include="..\3rd\src\curl\cookie.c">
      <Filter>源文件</Filter>
    </ClCompile>
    <ClCompile Include="..\3rd\src\curl\curl_addrinfo.c">
      <Filter>源文件</Filter>
    </ClCompile>
    <ClCompile Include="..\3rd\src\curl\curl_des.c">
      <Filter>源文件</Filter>
    </ClCompile>
    <ClCompile Include="..\3rd\src\curl\curl_endian.c">
      <Filter>源文件</Filter>
    </ClCompile>
    <ClCompile Include="..\3rd\src\curl\curl_fnmatch.c">
      <Filter>源文件</Filter>
    </ClCompile>
    <ClCompile Include="..\3rd\src\curl\curl_gethostname.c">
      <Filter>源文件</Filter>
    </ClCompile>
    <ClCompile Include="..\3rd\src\curl\curl_gssapi.c">
      <Filter>源文件</Filter>
    </ClCompile>
    <ClCompile Include="..\3rd\src\curl\curl_memrchr.c">
      <Filter>源文件</Filter>
    </ClCompile>
    <ClCompile Include="..\3rd\src\curl\curl_multibyte.c">
      <Filter>源文件</Filter>
    </ClCompile>
    <ClCompile Include="..\3rd\src\curl\curl_ntlm_core.c">
      <Filter>源文件</Filter>
    </ClCompile>
    <ClCompile Include="..\3rd\src\curl\curl_ntlm_wb.c">
      <Filter>源文件</Filter>
    </ClCompile>
    <ClCompile Include="..\3rd\src\curl\curl_path.c">
      <Filter>源文件</Filter>
    </ClCompile>
    <ClCompile Include="..\3rd\src\curl\curl_rtmp.c">
      <Filter>源文件</Filter>
    </ClCompile>
    <ClCompile Include="..\3rd\src\curl\curl_sasl.c">
      <Filter>源文件</Filter>
    </ClCompile>
    <ClCompile Include="..\3rd\src\curl\curl_sspi.c">
      <Filter>源文件</Filter>
    </ClCompile>
    <ClCompile Include="..\3rd\src\curl\curl_threads.c">
      <Filter>源文件</Filter>
    </ClCompile>
    <ClCompile Include="..\3rd\src\curl\dict.c">
      <Filter>源文件</Filter>
    </ClCompile>
    <ClCompile Include="..\3rd\src\curl\dotdot.c">
      <Filter>源文件</Filter>
    </ClCompile>
    <ClCompile Include="..\3rd\src\curl\easy.c">
      <Filter>源文件</Filter>
    </ClCompile>
    <ClCompile Include="..\3rd\src\curl\escape.c">
      <Filter>源文件</Filter>
    </ClCompile>
    <ClCompile Include="..\3rd\src\curl\file.c">
      <Filter>源文件</Filter>
    </ClCompile>
    <ClCompile Include="..\3rd\src\curl\fileinfo.c">
      <Filter>源文件</Filter>
    </ClCompile>
    <ClCompile Include="..\3rd\src\curl\formdata.c">
      <Filter>源文件</Filter>
    </ClCompile>
    <ClCompile Include="..\3rd\src\curl\ftp.c">
      <Filter>源文件</Filter>
    </ClCompile>
    <ClCompile Include="..\3rd\src\curl\ftplistparser.c">
      <Filter>源文件</Filter>
    </ClCompile>
    <ClCompile Include="..\3rd\src\curl\getenv.c">
      <Filter>源文件</Filter>
    </ClCompile>
    <ClCompile Include="..\3rd\src\curl\getinfo.c">
      <Filter>源文件</Filter>
    </ClCompile>
    <ClCompile Include="..\3rd\src\curl\gopher.c">
      <Filter>源文件</Filter>
    </ClCompile>
    <ClCompile Include="..\3rd\src\curl\hash.c">
      <Filter>源文件</Filter>
    </ClCompile>
    <ClCompile Include="..\3rd\src\curl\hmac.c">
      <Filter>源文件</Filter>
    </ClCompile>
    <ClCompile Include="..\3rd\src\curl\hostasyn.c">
      <Filter>源文件</Filter>
    </ClCompile>
    <ClCompile Include="..\3rd\src\curl\hostcheck.c">
      <Filter>源文件</Filter>
    </ClCompile>
    <ClCompile Include="..\3rd\src\curl\hostip.c">
      <Filter>源文件</Filter>
    </ClCompile>
    <ClCompile Include="..\3rd\src\curl\hostip4.c">
      <Filter>源文件</Filter>
    </ClCompile>
    <ClCompile Include="..\3rd\src\curl\hostip6.c">
      <Filter>源文件</Filter>
    </ClCompile>
    <ClCompile Include="..\3rd\src\curl\hostsyn.c">
      <Filter>源文件</Filter>
    </ClCompile>
    <ClCompile Include="..\3rd\src\curl\http.c">
      <Filter>源文件</Filter>
    </ClCompile>
    <ClCompile Include="..\3rd\src\curl\http_chunks.c">
      <Filter>源文件</Filter>
    </ClCompile>
    <ClCompile Include="..\3rd\src\curl\http_digest.c">
      <Filter>源文件</Filter>
    </ClCompile>
    <ClCompile Include="..\3rd\src\curl\http_negotiate.c">
      <Filter>源文件</Filter>
    </ClCompile>
    <ClCompile Include="..\3rd\src\curl\http_ntlm.c">
      <Filter>源文件</Filter>
    </ClCompile>
    <ClCompile Include="..\3rd\src\curl\http_proxy.c">
      <Filter>源文件</Filter>
    </ClCompile>
    <ClCompile Include="..\3rd\src\curl\http2.c">
      <Filter>源文件</Filter>
    </ClCompile>
    <ClCompile Include="..\3rd\src\curl\idn_win32.c">
      <Filter>源文件</Filter>
    </ClCompile>
    <ClCompile Include="..\3rd\src\curl\if2ip.c">
      <Filter>源文件</Filter>
    </ClCompile>
    <ClCompile Include="..\3rd\src\curl\imap.c">
      <Filter>源文件</Filter>
    </ClCompile>
    <ClCompile Include="..\3rd\src\curl\inet_ntop.c">
      <Filter>源文件</Filter>
    </ClCompile>
    <ClCompile Include="..\3rd\src\curl\inet_pton.c">
      <Filter>源文件</Filter>
    </ClCompile>
    <ClCompile Include="..\3rd\src\curl\krb5.c">
      <Filter>源文件</Filter>
    </ClCompile>
    <ClCompile Include="..\3rd\src\curl\ldap.c">
      <Filter>源文件</Filter>
    </ClCompile>
    <ClCompile Include="..\3rd\src\curl\llist.c">
      <Filter>源文件</Filter>
    </ClCompile>
    <ClCompile Include="..\3rd\src\curl\md4.c">
      <Filter>源文件</Filter>
    </ClCompile>
    <ClCompile Include="..\3rd\src\curl\md5.c">
      <Filter>源文件</Filter>
    </ClCompile>
    <ClCompile Include="..\3rd\src\curl\memdebug.c">
      <Filter>源文件</Filter>
    </ClCompile>
    <ClCompile Include="..\3rd\src\curl\mime.c">
      <Filter>源文件</Filter>
    </ClCompile>
    <ClCompile Include="..\3rd\src\curl\mprintf.c">
      <Filter>源文件</Filter>
    </ClCompile>
    <ClCompile Include="..\3rd\src\curl\multi.c">
      <Filter>源文件</Filter>
    </ClCompile>
    <ClCompile Include="..\3rd\src\curl\netrc.c">
      <Filter>源文件</Filter>
    </ClCompile>
    <ClCompile Include="..\3rd\src\curl\non-ascii.c">
      <Filter>源文件</Filter>
    </ClCompile>
    <ClCompile Include="..\3rd\src\curl\nonblock.c">
      <Filter>源文件</Filter>
    </ClCompile>
    <ClCompile Include="..\3rd\src\curl\nwlib.c">
      <Filter>源文件</Filter>
    </ClCompile>
    <ClCompile Include="..\3rd\src\curl\nwos.c">
      <Filter>源文件</Filter>
    </ClCompile>
    <ClCompile Include="..\3rd\src\curl\openldap.c">
      <Filter>源文件</Filter>
    </ClCompile>
    <ClCompile Include="..\3rd\src\curl\parsedate.c">
      <Filter>源文件</Filter>
    </ClCompile>
    <ClCompile Include="..\3rd\src\curl\pingpong.c">
      <Filter>源文件</Filter>
    </ClCompile>
    <ClCompile Include="..\3rd\src\curl\pipeline.c">
      <Filter>源文件</Filter>
    </ClCompile>
    <ClCompile Include="..\3rd\src\curl\pop3.c">
      <Filter>源文件</Filter>
    </ClCompile>
    <ClCompile Include="..\3rd\src\curl\progress.c">
      <Filter>源文件</Filter>
    </ClCompile>
    <ClCompile Include="..\3rd\src\curl\rand.c">
      <Filter>源文件</Filter>
    </ClCompile>
    <ClCompile Include="..\3rd\src\curl\rtsp.c">
      <Filter>源文件</Filter>
    </ClCompile>
    <ClCompile Include="..\3rd\src\curl\security.c">
      <Filter>源文件</Filter>
    </ClCompile>
    <ClCompile Include="..\3rd\src\curl\select.c">
      <Filter>源文件</Filter>
    </ClCompile>
    <ClCompile Include="..\3rd\src\curl\sendf.c">
      <Filter>源文件</Filter>
    </ClCompile>
    <ClCompile Include="..\3rd\src\curl\setopt.c">
      <Filter>源文件</Filter>
    </ClCompile>
    <ClCompile Include="..\3rd\src\curl\sha256.c">
      <Filter>源文件</Filter>
    </ClCompile>
    <ClCompile Include="..\3rd\src\curl\share.c">
      <Filter>源文件</Filter>
    </ClCompile>
    <ClCompile Include="..\3rd\src\curl\slist.c">
      <Filter>源文件</Filter>
    </ClCompile>
    <ClCompile Include="..\3rd\src\curl\smb.c">
      <Filter>源文件</Filter>
    </ClCompile>
    <ClCompile Include="..\3rd\src\curl\smtp.c">
      <Filter>源文件</Filter>
    </ClCompile>
    <ClCompile Include="..\3rd\src\curl\socks.c">
      <Filter>源文件</Filter>
    </ClCompile>
    <ClCompile Include="..\3rd\src\curl\socks_gssapi.c">
      <Filter>源文件</Filter>
    </ClCompile>
    <ClCompile Include="..\3rd\src\curl\socks_sspi.c">
      <Filter>源文件</Filter>
    </ClCompile>
    <ClCompile Include="..\3rd\src\curl\speedcheck.c">
      <Filter>源文件</Filter>
    </ClCompile>
    <ClCompile Include="..\3rd\src\curl\splay.c">
      <Filter>源文件</Filter>
    </ClCompile>
    <ClCompile Include="..\3rd\src\curl\ssh.c">
      <Filter>源文件</Filter>
    </ClCompile>
    <ClCompile Include="..\3rd\src\curl\ssh-libssh.c">
      <Filter>源文件</Filter>
    </ClCompile>
    <ClCompile Include="..\3rd\src\curl\strcase.c">
      <Filter>源文件</Filter>
    </ClCompile>
    <ClCompile Include="..\3rd\src\curl\strdup.c">
      <Filter>源文件</Filter>
    </ClCompile>
    <ClCompile Include="..\3rd\src\curl\strerror.c">
      <Filter>源文件</Filter>
    </ClCompile>
    <ClCompile Include="..\3rd\src\curl\strtok.c">
      <Filter>源文件</Filter>
    </ClCompile>
    <ClCompile Include="..\3rd\src\curl\strtoofft.c">
      <Filter>源文件</Filter>
    </ClCompile>
    <ClCompile Include="..\3rd\src\curl\system_win32.c">
      <Filter>源文件</Filter>
    </ClCompile>
    <ClCompile Include="..\3rd\src\curl\telnet.c">
      <Filter>源文件</Filter>
    </ClCompile>
    <ClCompile Include="..\3rd\src\curl\tftp.c">
      <Filter>源文件</Filter>
    </ClCompile>
    <ClCompile Include="..\3rd\src\curl\timeval.c">
      <Filter>源文件</Filter>
    </ClCompile>
    <ClCompile Include="..\3rd\src\curl\transfer.c">
      <Filter>源文件</Filter>
    </ClCompile>
    <ClCompile Include="..\3rd\src\curl\url.c">
      <Filter>源文件</Filter>
    </ClCompile>
    <ClCompile Include="..\3rd\src\curl\version.c">
      <Filter>源文件</Filter>
    </ClCompile>
    <ClCompile Include="..\3rd\src\curl\warnless.c">
      <Filter>源文件</Filter>
    </ClCompile>
    <ClCompile Include="..\3rd\src\curl\wildcard.c">
      <Filter>源文件</Filter>
    </ClCompile>
    <ClCompile Include="..\3rd\src\curl\x509asn1.c">
      <Filter>源文件</Filter>
    </ClCompile>
  </ItemGroup>
  <ItemGroup>
    <ClInclude Include="..\3rd\src\curl\amigaos.h">
      <Filter>源文件</Filter>
    </ClInclude>
    <ClInclude Include="..\3rd\src\curl\arpa_telnet.h">
      <Filter>源文件</Filter>
    </ClInclude>
    <ClInclude Include="..\3rd\src\curl\asyn.h">
      <Filter>源文件</Filter>
    </ClInclude>
    <ClInclude Include="..\3rd\src\curl\config-amigaos.h">
      <Filter>源文件</Filter>
    </ClInclude>
    <ClInclude Include="..\3rd\src\curl\config-dos.h">
      <Filter>源文件</Filter>
    </ClInclude>
    <ClInclude Include="..\3rd\src\curl\config-mac.h">
      <Filter>源文件</Filter>
    </ClInclude>
    <ClInclude Include="..\3rd\src\curl\config-os400.h">
      <Filter>源文件</Filter>
    </ClInclude>
    <ClInclude Include="..\3rd\src\curl\config-riscos.h">
      <Filter>源文件</Filter>
    </ClInclude>
    <ClInclude Include="..\3rd\src\curl\config-symbian.h">
      <Filter>源文件</Filter>
    </ClInclude>
    <ClInclude Include="..\3rd\src\curl\config-tpf.h">
      <Filter>源文件</Filter>
    </ClInclude>
    <ClInclude Include="..\3rd\src\curl\config-vxworks.h">
      <Filter>源文件</Filter>
    </ClInclude>
    <ClInclude Include="..\3rd\src\curl\config-win32.h">
      <Filter>源文件</Filter>
    </ClInclude>
    <ClInclude Include="..\3rd\src\curl\config-win32ce.h">
      <Filter>源文件</Filter>
    </ClInclude>
    <ClInclude Include="..\3rd\src\curl\conncache.h">
      <Filter>源文件</Filter>
    </ClInclude>
    <ClInclude Include="..\3rd\src\curl\connect.h">
      <Filter>源文件</Filter>
    </ClInclude>
    <ClInclude Include="..\3rd\src\curl\content_encoding.h">
      <Filter>源文件</Filter>
    </ClInclude>
    <ClInclude Include="..\3rd\src\curl\cookie.h">
      <Filter>源文件</Filter>
    </ClInclude>
    <ClInclude Include="..\3rd\src\curl\curl_addrinfo.h">
      <Filter>源文件</Filter>
    </ClInclude>
    <ClInclude Include="..\3rd\src\curl\curl_base64.h">
      <Filter>源文件</Filter>
    </ClInclude>
    <ClInclude Include="..\3rd\src\curl\curl_des.h">
      <Filter>源文件</Filter>
    </ClInclude>
    <ClInclude Include="..\3rd\src\curl\curl_endian.h">
      <Filter>源文件</Filter>
    </ClInclude>
    <ClInclude Include="..\3rd\src\curl\curl_fnmatch.h">
      <Filter>源文件</Filter>
    </ClInclude>
    <ClInclude Include="..\3rd\src\curl\curl_gethostname.h">
      <Filter>源文件</Filter>
    </ClInclude>
    <ClInclude Include="..\3rd\src\curl\curl_gssapi.h">
      <Filter>源文件</Filter>
    </ClInclude>
    <ClInclude Include="..\3rd\src\curl\curl_hmac.h">
      <Filter>源文件</Filter>
    </ClInclude>
    <ClInclude Include="..\3rd\src\curl\curl_ldap.h">
      <Filter>源文件</Filter>
    </ClInclude>
    <ClInclude Include="..\3rd\src\curl\curl_md4.h">
      <Filter>源文件</Filter>
    </ClInclude>
    <ClInclude Include="..\3rd\src\curl\curl_md5.h">
      <Filter>源文件</Filter>
    </ClInclude>
    <ClInclude Include="..\3rd\src\curl\curl_memory.h">
      <Filter>源文件</Filter>
    </ClInclude>
    <ClInclude Include="..\3rd\src\curl\curl_memrchr.h">
      <Filter>源文件</Filter>
    </ClInclude>
    <ClInclude Include="..\3rd\src\curl\curl_multibyte.h">
      <Filter>源文件</Filter>
    </ClInclude>
    <ClInclude Include="..\3rd\src\curl\curl_ntlm_core.h">
      <Filter>源文件</Filter>
    </ClInclude>
    <ClInclude Include="..\3rd\src\curl\curl_ntlm_wb.h">
      <Filter>源文件</Filter>
    </ClInclude>
    <ClInclude Include="..\3rd\src\curl\curl_path.h">
      <Filter>源文件</Filter>
    </ClInclude>
    <ClInclude Include="..\3rd\src\curl\curl_printf.h">
      <Filter>源文件</Filter>
    </ClInclude>
    <ClInclude Include="..\3rd\src\curl\curl_rtmp.h">
      <Filter>源文件</Filter>
    </ClInclude>
    <ClInclude Include="..\3rd\src\curl\curl_sasl.h">
      <Filter>源文件</Filter>
    </ClInclude>
    <ClInclude Include="..\3rd\src\curl\curl_sec.h">
      <Filter>源文件</Filter>
    </ClInclude>
    <ClInclude Include="..\3rd\src\curl\curl_setup.h">
      <Filter>源文件</Filter>
    </ClInclude>
    <ClInclude Include="..\3rd\src\curl\curl_setup_once.h">
      <Filter>源文件</Filter>
    </ClInclude>
    <ClInclude Include="..\3rd\src\curl\curl_sha256.h">
      <Filter>源文件</Filter>
    </ClInclude>
    <ClInclude Include="..\3rd\src\curl\curl_sspi.h">
      <Filter>源文件</Filter>
    </ClInclude>
    <ClInclude Include="..\3rd\src\curl\curl_threads.h">
      <Filter>源文件</Filter>
    </ClInclude>
    <ClInclude Include="..\3rd\src\curl\curlx.h">
      <Filter>源文件</Filter>
    </ClInclude>
    <ClInclude Include="..\3rd\src\curl\dict.h">
      <Filter>源文件</Filter>
    </ClInclude>
    <ClInclude Include="..\3rd\src\curl\dotdot.h">
      <Filter>源文件</Filter>
    </ClInclude>
    <ClInclude Include="..\3rd\src\curl\easyif.h">
      <Filter>源文件</Filter>
    </ClInclude>
    <ClInclude Include="..\3rd\src\curl\escape.h">
      <Filter>源文件</Filter>
    </ClInclude>
    <ClInclude Include="..\3rd\src\curl\file.h">
      <Filter>源文件</Filter>
    </ClInclude>
    <ClInclude Include="..\3rd\src\curl\fileinfo.h">
      <Filter>源文件</Filter>
    </ClInclude>
    <ClInclude Include="..\3rd\src\curl\formdata.h">
      <Filter>源文件</Filter>
    </ClInclude>
    <ClInclude Include="..\3rd\src\curl\ftp.h">
      <Filter>源文件</Filter>
    </ClInclude>
    <ClInclude Include="..\3rd\src\curl\ftplistparser.h">
      <Filter>源文件</Filter>
    </ClInclude>
    <ClInclude Include="..\3rd\src\curl\getinfo.h">
      <Filter>源文件</Filter>
    </ClInclude>
    <ClInclude Include="..\3rd\src\curl\gopher.h">
      <Filter>源文件</Filter>
    </ClInclude>
    <ClInclude Include="..\3rd\src\curl\hash.h">
      <Filter>源文件</Filter>
    </ClInclude>
    <ClInclude Include="..\3rd\src\curl\hostcheck.h">
      <Filter>源文件</Filter>
    </ClInclude>
    <ClInclude Include="..\3rd\src\curl\hostip.h">
      <Filter>源文件</Filter>
    </ClInclude>
    <ClInclude Include="..\3rd\src\curl\http.h">
      <Filter>源文件</Filter>
    </ClInclude>
    <ClInclude Include="..\3rd\src\curl\http_chunks.h">
      <Filter>源文件</Filter>
    </ClInclude>
    <ClInclude Include="..\3rd\src\curl\http_digest.h">
      <Filter>源文件</Filter>
    </ClInclude>
    <ClInclude Include="..\3rd\src\curl\http_negotiate.h">
      <Filter>源文件</Filter>
    </ClInclude>
    <ClInclude Include="..\3rd\src\curl\http_ntlm.h">
      <Filter>源文件</Filter>
    </ClInclude>
    <ClInclude Include="..\3rd\src\curl\http_proxy.h">
      <Filter>源文件</Filter>
    </ClInclude>
    <ClInclude Include="..\3rd\src\curl\http2.h">
      <Filter>源文件</Filter>
    </ClInclude>
    <ClInclude Include="..\3rd\src\curl\if2ip.h">
      <Filter>源文件</Filter>
    </ClInclude>
    <ClInclude Include="..\3rd\src\curl\imap.h">
      <Filter>源文件</Filter>
    </ClInclude>
    <ClInclude Include="..\3rd\src\curl\inet_ntop.h">
      <Filter>源文件</Filter>
    </ClInclude>
    <ClInclude Include="..\3rd\src\curl\inet_pton.h">
      <Filter>源文件</Filter>
    </ClInclude>
    <ClInclude Include="..\3rd\src\curl\llist.h">
      <Filter>源文件</Filter>
    </ClInclude>
    <ClInclude Include="..\3rd\src\curl\memdebug.h">
      <Filter>源文件</Filter>
    </ClInclude>
    <ClInclude Include="..\3rd\src\curl\mime.h">
      <Filter>源文件</Filter>
    </ClInclude>
    <ClInclude Include="..\3rd\src\curl\multihandle.h">
      <Filter>源文件</Filter>
    </ClInclude>
    <ClInclude Include="..\3rd\src\curl\multiif.h">
      <Filter>源文件</Filter>
    </ClInclude>
    <ClInclude Include="..\3rd\src\curl\netrc.h">
      <Filter>源文件</Filter>
    </ClInclude>
    <ClInclude Include="..\3rd\src\curl\non-ascii.h">
      <Filter>源文件</Filter>
    </ClInclude>
    <ClInclude Include="..\3rd\src\curl\nonblock.h">
      <Filter>源文件</Filter>
    </ClInclude>
    <ClInclude Include="..\3rd\src\curl\parsedate.h">
      <Filter>源文件</Filter>
    </ClInclude>
    <ClInclude Include="..\3rd\src\curl\pingpong.h">
      <Filter>源文件</Filter>
    </ClInclude>
    <ClInclude Include="..\3rd\src\curl\pipeline.h">
      <Filter>源文件</Filter>
    </ClInclude>
    <ClInclude Include="..\3rd\src\curl\pop3.h">
      <Filter>源文件</Filter>
    </ClInclude>
    <ClInclude Include="..\3rd\src\curl\progress.h">
      <Filter>源文件</Filter>
    </ClInclude>
    <ClInclude Include="..\3rd\src\curl\rand.h">
      <Filter>源文件</Filter>
    </ClInclude>
    <ClInclude Include="..\3rd\src\curl\rtsp.h">
      <Filter>源文件</Filter>
    </ClInclude>
    <ClInclude Include="..\3rd\src\curl\select.h">
      <Filter>源文件</Filter>
    </ClInclude>
    <ClInclude Include="..\3rd\src\curl\sendf.h">
      <Filter>源文件</Filter>
    </ClInclude>
    <ClInclude Include="..\3rd\src\curl\setopt.h">
      <Filter>源文件</Filter>
    </ClInclude>
    <ClInclude Include="..\3rd\src\curl\setup-os400.h">
      <Filter>源文件</Filter>
    </ClInclude>
    <ClInclude Include="..\3rd\src\curl\setup-vms.h">
      <Filter>源文件</Filter>
    </ClInclude>
    <ClInclude Include="..\3rd\src\curl\share.h">
      <Filter>源文件</Filter>
    </ClInclude>
    <ClInclude Include="..\3rd\src\curl\sigpipe.h">
      <Filter>源文件</Filter>
    </ClInclude>
    <ClInclude Include="..\3rd\src\curl\slist.h">
      <Filter>源文件</Filter>
    </ClInclude>
    <ClInclude Include="..\3rd\src\curl\smb.h">
      <Filter>源文件</Filter>
    </ClInclude>
    <ClInclude Include="..\3rd\src\curl\smtp.h">
      <Filter>源文件</Filter>
    </ClInclude>
    <ClInclude Include="..\3rd\src\curl\sockaddr.h">
      <Filter>源文件</Filter>
    </ClInclude>
    <ClInclude Include="..\3rd\src\curl\socks.h">
      <Filter>源文件</Filter>
    </ClInclude>
    <ClInclude Include="..\3rd\src\curl\speedcheck.h">
      <Filter>源文件</Filter>
    </ClInclude>
    <ClInclude Include="..\3rd\src\curl\splay.h">
      <Filter>源文件</Filter>
    </ClInclude>
    <ClInclude Include="..\3rd\src\curl\ssh.h">
      <Filter>源文件</Filter>
    </ClInclude>
    <ClInclude Include="..\3rd\src\curl\strcase.h">
      <Filter>源文件</Filter>
    </ClInclude>
    <ClInclude Include="..\3rd\src\curl\strdup.h">
      <Filter>源文件</Filter>
    </ClInclude>
    <ClInclude Include="..\3rd\src\curl\strerror.h">
      <Filter>源文件</Filter>
    </ClInclude>
    <ClInclude Include="..\3rd\src\curl\strtok.h">
      <Filter>源文件</Filter>
    </ClInclude>
    <ClInclude Include="..\3rd\src\curl\strtoofft.h">
      <Filter>源文件</Filter>
    </ClInclude>
    <ClInclude Include="..\3rd\src\curl\system_win32.h">
      <Filter>源文件</Filter>
    </ClInclude>
    <ClInclude Include="..\3rd\src\curl\telnet.h">
      <Filter>源文件</Filter>
    </ClInclude>
    <ClInclude Include="..\3rd\src\curl\tftp.h">
      <Filter>源文件</Filter>
    </ClInclude>
    <ClInclude Include="..\3rd\src\curl\timeval.h">
      <Filter>源文件</Filter>
    </ClInclude>
    <ClInclude Include="..\3rd\src\curl\transfer.h">
      <Filter>源文件</Filter>
    </ClInclude>
    <ClInclude Include="..\3rd\src\curl\url.h">
      <Filter>源文件</Filter>
    </ClInclude>
    <ClInclude Include="..\3rd\src\curl\urldata.h">
      <Filter>源文件</Filter>
    </ClInclude>
    <ClInclude Include="..\3rd\src\curl\warnless.h">
      <Filter>源文件</Filter>
    </ClInclude>
    <ClInclude Include="..\3rd\src\curl\wildcard.h">
      <Filter>源文件</Filter>
    </ClInclude>
    <ClInclude Include="..\3rd\src\curl\x509asn1.h">
      <Filter>源文件</Filter>
    </ClInclude>
  </ItemGroup>
</Project>